
Microsoft Visual Studio Solution File, Format Version 12.00
# Visual Studio 15
VisualStudioVersion = 15.0.27703.2047
MinimumVisualStudioVersion = 10.0.40219.1
Project("{FAE04EC0-301F-11D3-BF4B-00C04F79EFBC}") = "BoardGamesRest", "BoardGamesRest\BoardGamesRest.csproj", "{9DE8BEB1-5739-4003-9EBE-AD45696EFC99}"
EndProject
Project("{FAE04EC0-301F-11D3-BF4B-00C04F79EFBC}") = "BoardGamesDataAccess", "BoardGamesDataAccess\BoardGamesDataAccess.csproj", "{77628A6A-1892-4E0A-83B4-FEEE5A1BDB71}"
EndProject
Project("{FAE04EC0-301F-11D3-BF4B-00C04F79EFBC}") = "BoardGamesApplication", "BoardGamesApplication\BoardGamesApplication.csproj", "{FE4B4A14-E8B0-43F7-93F8-45250B15C99B}"
EndProject
Global
	GlobalSection(SolutionConfigurationPlatforms) = preSolution
		Debug|Any CPU = Debug|Any CPU
		Release|Any CPU = Release|Any CPU
	EndGlobalSection
	GlobalSection(ProjectConfigurationPlatforms) = postSolution
		{9DE8BEB1-5739-4003-9EBE-AD45696EFC99}.Debug|Any CPU.ActiveCfg = Debug|Any CPU
		{9DE8BEB1-5739-4003-9EBE-AD45696EFC99}.Debug|Any CPU.Build.0 = Debug|Any CPU
		{9DE8BEB1-5739-4003-9EBE-AD45696EFC99}.Release|Any CPU.ActiveCfg = Release|Any CPU
		{9DE8BEB1-5739-4003-9EBE-AD45696EFC99}.Release|Any CPU.Build.0 = Release|Any CPU
		{77628A6A-1892-4E0A-83B4-FEEE5A1BDB71}.Debug|Any CPU.ActiveCfg = Debug|Any CPU
		{77628A6A-1892-4E0A-83B4-FEEE5A1BDB71}.Debug|Any CPU.Build.0 = Debug|Any CPU
		{77628A6A-1892-4E0A-83B4-FEEE5A1BDB71}.Release|Any CPU.ActiveCfg = Release|Any CPU
		{77628A6A-1892-4E0A-83B4-FEEE5A1BDB71}.Release|Any CPU.Build.0 = Release|Any CPU
		{FE4B4A14-E8B0-43F7-93F8-45250B15C99B}.Debug|Any CPU.ActiveCfg = Debug|Any CPU
		{FE4B4A14-E8B0-43F7-93F8-45250B15C99B}.Debug|Any CPU.Build.0 = Debug|Any CPU
		{FE4B4A14-E8B0-43F7-93F8-45250B15C99B}.Release|Any CPU.ActiveCfg = Release|Any CPU
		{FE4B4A14-E8B0-43F7-93F8-45250B15C99B}.Release|Any CPU.Build.0 = Release|Any CPU
	EndGlobalSection
	GlobalSection(SolutionProperties) = preSolution
		HideSolutionNode = FALSE
	EndGlobalSection
	GlobalSection(ExtensibilityGlobals) = postSolution
		SolutionGuid = {2ED0BD49-2AB3-491B-AA97-E438FDB670C3}
	EndGlobalSection
EndGlobal
